
Microsoft Visual Studio Solution File, Format Version 12.00
# Visual Studio Version 17
VisualStudioVersion = 17.11.35312.102
MinimumVisualStudioVersion = 10.0.40219.1
Project("{FAE04EC0-301F-11D3-BF4B-00C04F79EFBC}") = "Zadanie5", "Zadanie5\Zadanie5.csproj", "{7CD282D6-D705-45E8-B3DC-B09E408BEB10}"
EndProject
Global
	GlobalSection(SolutionConfigurationPlatforms) = preSolution
		Debug|Any CPU = Debug|Any CPU
		Release|Any CPU = Release|Any CPU
	EndGlobalSection
	GlobalSection(ProjectConfigurationPlatforms) = postSolution
		{7CD282D6-D705-45E8-B3DC-B09E408BEB10}.Debug|Any CPU.ActiveCfg = Debug|Any CPU
		{7CD282D6-D705-45E8-B3DC-B09E408BEB10}.Debug|Any CPU.Build.0 = Debug|Any CPU
		{7CD282D6-D705-45E8-B3DC-B09E408BEB10}.Release|Any CPU.ActiveCfg = Release|Any CPU
		{7CD282D6-D705-45E8-B3DC-B09E408BEB10}.Release|Any CPU.Build.0 = Release|Any CPU
	EndGlobalSection
	GlobalSection(SolutionProperties) = preSolution
		HideSolutionNode = FALSE
	EndGlobalSection
	GlobalSection(ExtensibilityGlobals) = postSolution
		SolutionGuid = {A9F8F1BF-B1E8-43EA-A43C-2D18DC20FE8F}
	EndGlobalSection
EndGlobal
